
Microsoft Visual Studio Solution File, Format Version 12.00
# Visual Studio Version 16
VisualStudioVersion = 16.0.31911.196
MinimumVisualStudioVersion = 10.0.40219.1
Project("{9A19103F-16F7-4668-BE54-9A1E7A4F7556}") = "Sl.Selenium.Chrome", "Sl.Selenium.Chrome.csproj", "{DD39F139-56E8-4F2E-AA60-BA458FB2001B}"
EndProject
Global
	GlobalSection(SolutionConfigurationPlatforms) = preSolution
		Debug|Any CPU = Debug|Any CPU
		Release|Any CPU = Release|Any CPU
	EndGlobalSection
	GlobalSection(ProjectConfigurationPlatforms) = postSolution
		{DD39F139-56E8-4F2E-AA60-BA458FB2001B}.Debug|Any CPU.ActiveCfg = Debug|Any CPU
		{DD39F139-56E8-4F2E-AA60-BA458FB2001B}.Debug|Any CPU.Build.0 = Debug|Any CPU
		{DD39F139-56E8-4F2E-AA60-BA458FB2001B}.Release|Any CPU.ActiveCfg = Release|Any CPU
		{DD39F139-56E8-4F2E-AA60-BA458FB2001B}.Release|Any CPU.Build.0 = Release|Any CPU
	EndGlobalSection
	GlobalSection(SolutionProperties) = preSolution
		HideSolutionNode = FALSE
	EndGlobalSection
	GlobalSection(ExtensibilityGlobals) = postSolution
		SolutionGuid = {8005FABE-82E9-4931-BF16-972FCC0ED25D}
	EndGlobalSection
EndGlobal
