
Microsoft Visual Studio Solution File, Format Version 12.00
# Visual Studio Version 17
VisualStudioVersion = 17.0.32126.317
MinimumVisualStudioVersion = 10.0.40219.1
Project("{9A19103F-16F7-4668-BE54-9A1E7A4F7556}") = "Sl.Selenium.Extensions.Firefox", "Sl.Selenium.Firefox\Sl.Selenium.Extensions.Firefox.csproj", "{49522EB3-00B6-4C27-9F8E-E708BD3A4C8C}"
EndProject
Project("{9A19103F-16F7-4668-BE54-9A1E7A4F7556}") = "Sl.Selenium.Extensions.Chrome", "Sl.Selenium.Chrome\Sl.Selenium.Extensions.Chrome.csproj", "{F717A850-A1E6-4FE6-9F55-E36669BB7CDA}"
EndProject
Global
	GlobalSection(SolutionConfigurationPlatforms) = preSolution
		Debug|Any CPU = Debug|Any CPU
		Release|Any CPU = Release|Any CPU
	EndGlobalSection
	GlobalSection(ProjectConfigurationPlatforms) = postSolution
		{49522EB3-00B6-4C27-9F8E-E708BD3A4C8C}.Debug|Any CPU.ActiveCfg = Debug|Any CPU
		{49522EB3-00B6-4C27-9F8E-E708BD3A4C8C}.Debug|Any CPU.Build.0 = Debug|Any CPU
		{49522EB3-00B6-4C27-9F8E-E708BD3A4C8C}.Release|Any CPU.ActiveCfg = Release|Any CPU
		{49522EB3-00B6-4C27-9F8E-E708BD3A4C8C}.Release|Any CPU.Build.0 = Release|Any CPU
		{F717A850-A1E6-4FE6-9F55-E36669BB7CDA}.Debug|Any CPU.ActiveCfg = Debug|Any CPU
		{F717A850-A1E6-4FE6-9F55-E36669BB7CDA}.Debug|Any CPU.Build.0 = Debug|Any CPU
		{F717A850-A1E6-4FE6-9F55-E36669BB7CDA}.Release|Any CPU.ActiveCfg = Release|Any CPU
		{F717A850-A1E6-4FE6-9F55-E36669BB7CDA}.Release|Any CPU.Build.0 = Release|Any CPU
	EndGlobalSection
	GlobalSection(SolutionProperties) = preSolution
		HideSolutionNode = FALSE
	EndGlobalSection
	GlobalSection(ExtensibilityGlobals) = postSolution
		SolutionGuid = {EECE6A36-4846-46A6-A910-6E8CCBDEE5FF}
	EndGlobalSection
EndGlobal
